{
  "name": "TCP",
  "lockfileVersion": 2,
  "requires": true,
  "packages": {
    "": {
      "dependencies": {
        "@mdi/font": "^6.2.95",
        "node-ipinfo": "^3.0.0",
        "ws": "^8.2.3"
      }
    },
    "node_modules/@mdi/font": {
      "version": "6.2.95",
      "resolved": "https://registry.npmjs.org/@mdi/font/-/font-6.2.95.tgz",
      "integrity": "sha512-0RKkhabkFZP3ALwKqrjhdKdhydQpoydIjX6cvjIwLyjADCsE0pG68YkGY+S3qnfdErmhS4m8adwvgrAFXp2AYQ=="
    },
    "node_modules/lru-cache": {
      "version": "6.0.0",
      "resolved": "https://registry.npmjs.org/lru-cache/-/lru-cache-6.0.0.tgz",
      "integrity": "sha512-Jo6dJ04CmSjuznwJSS3pUeWmd/H0ffTlkXXgwZi+eq1UCmqQwCh+eLsYOYCwY991i2Fah4h1BEMCx4qThGbsiA==",
      "dependencies": {
        "yallist": "^4.0.0"
      },
      "engines": {
        "node": ">=10"
      }
    },
    "node_modules/node-ipinfo": {
      "version": "3.0.0",
      "resolved": "https://registry.npmjs.org/node-ipinfo/-/node-ipinfo-3.0.0.tgz",
      "integrity": "sha512-lEx9EQzXFkSxkssXpq6UFFqgl3Q0sfESUuq4XpLa82Y8WKMscb+CrAbDox2dHm7OKWjk3YhSW/BxSm+L1kTbQA==",
      "dependencies": {
        "lru-cache": "^6.0.0"
      },
      "engines": {
        "node": ">=10"
      }
    },
    "node_modules/ws": {
      "version": "8.2.3",
      "resolved": "https://registry.npmjs.org/ws/-/ws-8.2.3.tgz",
      "integrity": "sha512-wBuoj1BDpC6ZQ1B7DWQBYVLphPWkm8i9Y0/3YdHjHKHiohOJ1ws+3OccDWtH+PoC9DZD5WOTrJvNbWvjS6JWaA==",
      "engines": {
        "node": ">=10.0.0"
      },
      "peerDependencies": {
        "bufferutil": "^4.0.1",
        "utf-8-validate": "^5.0.2"
      },
      "peerDependenciesMeta": {
        "bufferutil": {
          "optional": true
        },
        "utf-8-validate": {
          "optional": true
        }
      }
    },
    "node_modules/yallist": {
      "version": "4.0.0",
      "resolved": "https://registry.npmjs.org/yallist/-/yallist-4.0.0.tgz",
      "integrity": "sha512-3wdGidZyq5PB084XLES5TpOSRA3wjXAlIWMhum2kRcv/41Sn2emQ0dycQW4uZXLejwKvg6EsvbdlVL+FYEct7A=="
    }
  },
  "dependencies": {
    "@mdi/font": {
      "version": "6.2.95",
      "resolved": "https://registry.npmjs.org/@mdi/font/-/font-6.2.95.tgz",
      "integrity": "sha512-0RKkhabkFZP3ALwKqrjhdKdhydQpoydIjX6cvjIwLyjADCsE0pG68YkGY+S3qnfdErmhS4m8adwvgrAFXp2AYQ=="
    },
    "lru-cache": {
      "version": "6.0.0",
      "resolved": "https://registry.npmjs.org/lru-cache/-/lru-cache-6.0.0.tgz",
      "integrity": "sha512-Jo6dJ04CmSjuznwJSS3pUeWmd/H0ffTlkXXgwZi+eq1UCmqQwCh+eLsYOYCwY991i2Fah4h1BEMCx4qThGbsiA==",
      "requires": {
        "yallist": "^4.0.0"
      }
    },
    "node-ipinfo": {
      "version": "3.0.0",
      "resolved": "https://registry.npmjs.org/node-ipinfo/-/node-ipinfo-3.0.0.tgz",
      "integrity": "sha512-lEx9EQzXFkSxkssXpq6UFFqgl3Q0sfESUuq4XpLa82Y8WKMscb+CrAbDox2dHm7OKWjk3YhSW/BxSm+L1kTbQA==",
      "requires": {
        "lru-cache": "^6.0.0"
      }
    },
    "ws": {
      "version": "8.2.3",
      "resolved": "https://registry.npmjs.org/ws/-/ws-8.2.3.tgz",
      "integrity": "sha512-wBuoj1BDpC6ZQ1B7DWQBYVLphPWkm8i9Y0/3YdHjHKHiohOJ1ws+3OccDWtH+PoC9DZD5WOTrJvNbWvjS6JWaA==",
      "requires": {}
    },
    "yallist": {
      "version": "4.0.0",
      "resolved": "https://registry.npmjs.org/yallist/-/yallist-4.0.0.tgz",
      "integrity": "sha512-3wdGidZyq5PB084XLES5TpOSRA3wjXAlIWMhum2kRcv/41Sn2emQ0dycQW4uZXLejwKvg6EsvbdlVL+FYEct7A=="
    }
  }
}
